
Microsoft Visual Studio Solution File, Format Version 12.00
# Visual Studio Version 17
VisualStudioVersion = 17.0.31903.59
MinimumVisualStudioVersion = 10.0.40219.1
Project("{2150E333-8FDC-42A3-9474-1A3956D46DE8}") = "services", "services", "{B011AE3A-0511-42F5-AC04-F42716E59D49}"
EndProject
Project("{2150E333-8FDC-42A3-9474-1A3956D46DE8}") = "dotnet", "dotnet", "{15546351-A13A-4BAF-A8FF-F70DDA8B1435}"
EndProject
Project("{2150E333-8FDC-42A3-9474-1A3956D46DE8}") = "api-gateway", "api-gateway", "{8DCF0E5F-CE56-45DB-BAE8-FD5D95F49FD9}"
EndProject
Project("{2150E333-8FDC-42A3-9474-1A3956D46DE8}") = "src", "src", "{57C0D155-84FC-49F1-A1AE-632A9CB16EA1}"
EndProject
Project("{FAE04EC0-301F-11D3-BF4B-00C04F79EFBC}") = "Fintech.ApiGateway", "services\dotnet\api-gateway\src\Fintech.ApiGateway\Fintech.ApiGateway.csproj", "{8EC80F94-9B8B-4A83-BA6F-F4618E3761D5}"
EndProject
Project("{2150E333-8FDC-42A3-9474-1A3956D46DE8}") = "identity-service", "identity-service", "{AFA8D70F-880B-4A90-A86C-0C714CC97F57}"
EndProject
Project("{2150E333-8FDC-42A3-9474-1A3956D46DE8}") = "src", "src", "{0D4F149D-483A-4EF4-9B21-63D06DA87D9C}"
EndProject
Project("{FAE04EC0-301F-11D3-BF4B-00C04F79EFBC}") = "Fintech.IdentityService", "services\dotnet\identity-service\src\Fintech.IdentityService\Fintech.IdentityService.csproj", "{0E9C7765-8162-4469-B56C-87AC47E8C4F5}"
EndProject
Project("{2150E333-8FDC-42A3-9474-1A3956D46DE8}") = "wallet-service", "wallet-service", "{9D1F7A93-FF1E-4A72-8402-A946F3A87F7D}"
EndProject
Project("{2150E333-8FDC-42A3-9474-1A3956D46DE8}") = "src", "src", "{5781F3C9-F221-4CA3-94D7-F9A1B7EE7611}"
EndProject
Project("{FAE04EC0-301F-11D3-BF4B-00C04F79EFBC}") = "Fintech.WalletService", "services\dotnet\wallet-service\src\Fintech.WalletService\Fintech.WalletService.csproj", "{6BCA1FDA-16FA-4D7B-B3EA-E1B23A402D38}"
EndProject
Project("{2150E333-8FDC-42A3-9474-1A3956D46DE8}") = "ledger-service", "ledger-service", "{A7978232-07F6-4ECB-9591-09D99A52A150}"
EndProject
Project("{2150E333-8FDC-42A3-9474-1A3956D46DE8}") = "src", "src", "{9A65A3C6-C150-4F31-8F40-F99218468877}"
EndProject
Project("{FAE04EC0-301F-11D3-BF4B-00C04F79EFBC}") = "Fintech.LedgerService", "services\dotnet\ledger-service\src\Fintech.LedgerService\Fintech.LedgerService.csproj", "{218257B0-6048-4CA0-BFA6-CDDE0BE38D11}"
EndProject
Project("{2150E333-8FDC-42A3-9474-1A3956D46DE8}") = "transfer-service", "transfer-service", "{17804DD1-9CF5-470E-9E99-84B6605F74ED}"
EndProject
Project("{2150E333-8FDC-42A3-9474-1A3956D46DE8}") = "src", "src", "{06E0ACEC-30E2-47A7-9F6F-10AF5CB3862F}"
EndProject
Project("{FAE04EC0-301F-11D3-BF4B-00C04F79EFBC}") = "Fintech.TransferService", "services\dotnet\transfer-service\src\Fintech.TransferService\Fintech.TransferService.csproj", "{E224486E-AFD7-463A-A2BD-3056C9F8CB9E}"
EndProject
Project("{2150E333-8FDC-42A3-9474-1A3956D46DE8}") = "notification-service", "notification-service", "{3A66B602-298F-4F97-A7E7-B86644BBD3C7}"
EndProject
Project("{2150E333-8FDC-42A3-9474-1A3956D46DE8}") = "src", "src", "{F69D6288-25D5-4C65-AFCA-AEF8127DFFBC}"
EndProject
Project("{FAE04EC0-301F-11D3-BF4B-00C04F79EFBC}") = "Fintech.NotificationService", "services\dotnet\notification-service\src\Fintech.NotificationService\Fintech.NotificationService.csproj", "{EAEF42F9-3706-4470-8DCA-55C0EFC34DAC}"
EndProject
Project("{2150E333-8FDC-42A3-9474-1A3956D46DE8}") = "history-query-service", "history-query-service", "{5863B0C3-4267-4BCA-867E-10C2D6DE160A}"
EndProject
Project("{2150E333-8FDC-42A3-9474-1A3956D46DE8}") = "src", "src", "{FA57A12C-0673-4514-9132-DCE450650FF0}"
EndProject
Project("{FAE04EC0-301F-11D3-BF4B-00C04F79EFBC}") = "Fintech.HistoryQueryService", "services\dotnet\history-query-service\src\Fintech.HistoryQueryService\Fintech.HistoryQueryService.csproj", "{200F2A60-AFF4-4B66-BE2C-C3F4BB489DB7}"
EndProject
Project("{2150E333-8FDC-42A3-9474-1A3956D46DE8}") = "libs", "libs", "{63FEA7EE-C7A1-443D-ADDA-B66C067DD694}"
EndProject
Project("{2150E333-8FDC-42A3-9474-1A3956D46DE8}") = "dotnet", "dotnet", "{B74A952F-8293-47CA-BCF2-CAD887C9F807}"
EndProject
Project("{2150E333-8FDC-42A3-9474-1A3956D46DE8}") = "building-blocks", "building-blocks", "{13817027-2DCE-4171-BB40-D75CE8C57A55}"
EndProject
Project("{2150E333-8FDC-42A3-9474-1A3956D46DE8}") = "src", "src", "{FCD07567-57D4-4FBA-A8ED-87928A6AA0A1}"
EndProject
Project("{FAE04EC0-301F-11D3-BF4B-00C04F79EFBC}") = "Fintech.BuildingBlocks", "libs\dotnet\building-blocks\src\Fintech.BuildingBlocks\Fintech.BuildingBlocks.csproj", "{D99197B2-1AA6-42FD-BE27-272C971188FE}"
EndProject
Project("{2150E333-8FDC-42A3-9474-1A3956D46DE8}") = "contracts", "contracts", "{7550F17D-FA44-4058-B9DF-B4320EF7B5A4}"
EndProject
Project("{2150E333-8FDC-42A3-9474-1A3956D46DE8}") = "src", "src", "{2B3ADCF0-82DB-459B-BDE5-37678BD62FF6}"
EndProject
Project("{FAE04EC0-301F-11D3-BF4B-00C04F79EFBC}") = "Fintech.Contracts", "libs\dotnet\contracts\src\Fintech.Contracts\Fintech.Contracts.csproj", "{E18B2EDE-687C-4937-9704-62591C1FC201}"
EndProject
Global
	GlobalSection(SolutionConfigurationPlatforms) = preSolution
		Debug|Any CPU = Debug|Any CPU
		Release|Any CPU = Release|Any CPU
	EndGlobalSection
	GlobalSection(SolutionProperties) = preSolution
		HideSolutionNode = FALSE
	EndGlobalSection
	GlobalSection(ProjectConfigurationPlatforms) = postSolution
		{8EC80F94-9B8B-4A83-BA6F-F4618E3761D5}.Debug|Any CPU.ActiveCfg = Debug|Any CPU
		{8EC80F94-9B8B-4A83-BA6F-F4618E3761D5}.Debug|Any CPU.Build.0 = Debug|Any CPU
		{8EC80F94-9B8B-4A83-BA6F-F4618E3761D5}.Release|Any CPU.ActiveCfg = Release|Any CPU
		{8EC80F94-9B8B-4A83-BA6F-F4618E3761D5}.Release|Any CPU.Build.0 = Release|Any CPU
		{0E9C7765-8162-4469-B56C-87AC47E8C4F5}.Debug|Any CPU.ActiveCfg = Debug|Any CPU
		{0E9C7765-8162-4469-B56C-87AC47E8C4F5}.Debug|Any CPU.Build.0 = Debug|Any CPU
		{0E9C7765-8162-4469-B56C-87AC47E8C4F5}.Release|Any CPU.ActiveCfg = Release|Any CPU
		{0E9C7765-8162-4469-B56C-87AC47E8C4F5}.Release|Any CPU.Build.0 = Release|Any CPU
		{6BCA1FDA-16FA-4D7B-B3EA-E1B23A402D38}.Debug|Any CPU.ActiveCfg = Debug|Any CPU
		{6BCA1FDA-16FA-4D7B-B3EA-E1B23A402D38}.Debug|Any CPU.Build.0 = Debug|Any CPU
		{6BCA1FDA-16FA-4D7B-B3EA-E1B23A402D38}.Release|Any CPU.ActiveCfg = Release|Any CPU
		{6BCA1FDA-16FA-4D7B-B3EA-E1B23A402D38}.Release|Any CPU.Build.0 = Release|Any CPU
		{218257B0-6048-4CA0-BFA6-CDDE0BE38D11}.Debug|Any CPU.ActiveCfg = Debug|Any CPU
		{218257B0-6048-4CA0-BFA6-CDDE0BE38D11}.Debug|Any CPU.Build.0 = Debug|Any CPU
		{218257B0-6048-4CA0-BFA6-CDDE0BE38D11}.Release|Any CPU.ActiveCfg = Release|Any CPU
		{218257B0-6048-4CA0-BFA6-CDDE0BE38D11}.Release|Any CPU.Build.0 = Release|Any CPU
		{E224486E-AFD7-463A-A2BD-3056C9F8CB9E}.Debug|Any CPU.ActiveCfg = Debug|Any CPU
		{E224486E-AFD7-463A-A2BD-3056C9F8CB9E}.Debug|Any CPU.Build.0 = Debug|Any CPU
		{E224486E-AFD7-463A-A2BD-3056C9F8CB9E}.Release|Any CPU.ActiveCfg = Release|Any CPU
		{E224486E-AFD7-463A-A2BD-3056C9F8CB9E}.Release|Any CPU.Build.0 = Release|Any CPU
		{EAEF42F9-3706-4470-8DCA-55C0EFC34DAC}.Debug|Any CPU.ActiveCfg = Debug|Any CPU
		{EAEF42F9-3706-4470-8DCA-55C0EFC34DAC}.Debug|Any CPU.Build.0 = Debug|Any CPU
		{EAEF42F9-3706-4470-8DCA-55C0EFC34DAC}.Release|Any CPU.ActiveCfg = Release|Any CPU
		{EAEF42F9-3706-4470-8DCA-55C0EFC34DAC}.Release|Any CPU.Build.0 = Release|Any CPU
		{200F2A60-AFF4-4B66-BE2C-C3F4BB489DB7}.Debug|Any CPU.ActiveCfg = Debug|Any CPU
		{200F2A60-AFF4-4B66-BE2C-C3F4BB489DB7}.Debug|Any CPU.Build.0 = Debug|Any CPU
		{200F2A60-AFF4-4B66-BE2C-C3F4BB489DB7}.Release|Any CPU.ActiveCfg = Release|Any CPU
		{200F2A60-AFF4-4B66-BE2C-C3F4BB489DB7}.Release|Any CPU.Build.0 = Release|Any CPU
		{D99197B2-1AA6-42FD-BE27-272C971188FE}.Debug|Any CPU.ActiveCfg = Debug|Any CPU
		{D99197B2-1AA6-42FD-BE27-272C971188FE}.Debug|Any CPU.Build.0 = Debug|Any CPU
		{D99197B2-1AA6-42FD-BE27-272C971188FE}.Release|Any CPU.ActiveCfg = Release|Any CPU
		{D99197B2-1AA6-42FD-BE27-272C971188FE}.Release|Any CPU.Build.0 = Release|Any CPU
		{E18B2EDE-687C-4937-9704-62591C1FC201}.Debug|Any CPU.ActiveCfg = Debug|Any CPU
		{E18B2EDE-687C-4937-9704-62591C1FC201}.Debug|Any CPU.Build.0 = Debug|Any CPU
		{E18B2EDE-687C-4937-9704-62591C1FC201}.Release|Any CPU.ActiveCfg = Release|Any CPU
		{E18B2EDE-687C-4937-9704-62591C1FC201}.Release|Any CPU.Build.0 = Release|Any CPU
	EndGlobalSection
	GlobalSection(NestedProjects) = preSolution
		{15546351-A13A-4BAF-A8FF-F70DDA8B1435} = {B011AE3A-0511-42F5-AC04-F42716E59D49}
		{8DCF0E5F-CE56-45DB-BAE8-FD5D95F49FD9} = {15546351-A13A-4BAF-A8FF-F70DDA8B1435}
		{57C0D155-84FC-49F1-A1AE-632A9CB16EA1} = {8DCF0E5F-CE56-45DB-BAE8-FD5D95F49FD9}
		{8EC80F94-9B8B-4A83-BA6F-F4618E3761D5} = {57C0D155-84FC-49F1-A1AE-632A9CB16EA1}
		{AFA8D70F-880B-4A90-A86C-0C714CC97F57} = {15546351-A13A-4BAF-A8FF-F70DDA8B1435}
		{0D4F149D-483A-4EF4-9B21-63D06DA87D9C} = {AFA8D70F-880B-4A90-A86C-0C714CC97F57}
		{0E9C7765-8162-4469-B56C-87AC47E8C4F5} = {0D4F149D-483A-4EF4-9B21-63D06DA87D9C}
		{9D1F7A93-FF1E-4A72-8402-A946F3A87F7D} = {15546351-A13A-4BAF-A8FF-F70DDA8B1435}
		{5781F3C9-F221-4CA3-94D7-F9A1B7EE7611} = {9D1F7A93-FF1E-4A72-8402-A946F3A87F7D}
		{6BCA1FDA-16FA-4D7B-B3EA-E1B23A402D38} = {5781F3C9-F221-4CA3-94D7-F9A1B7EE7611}
		{A7978232-07F6-4ECB-9591-09D99A52A150} = {15546351-A13A-4BAF-A8FF-F70DDA8B1435}
		{9A65A3C6-C150-4F31-8F40-F99218468877} = {A7978232-07F6-4ECB-9591-09D99A52A150}
		{218257B0-6048-4CA0-BFA6-CDDE0BE38D11} = {9A65A3C6-C150-4F31-8F40-F99218468877}
		{17804DD1-9CF5-470E-9E99-84B6605F74ED} = {15546351-A13A-4BAF-A8FF-F70DDA8B1435}
		{06E0ACEC-30E2-47A7-9F6F-10AF5CB3862F} = {17804DD1-9CF5-470E-9E99-84B6605F74ED}
		{E224486E-AFD7-463A-A2BD-3056C9F8CB9E} = {06E0ACEC-30E2-47A7-9F6F-10AF5CB3862F}
		{3A66B602-298F-4F97-A7E7-B86644BBD3C7} = {15546351-A13A-4BAF-A8FF-F70DDA8B1435}
		{F69D6288-25D5-4C65-AFCA-AEF8127DFFBC} = {3A66B602-298F-4F97-A7E7-B86644BBD3C7}
		{EAEF42F9-3706-4470-8DCA-55C0EFC34DAC} = {F69D6288-25D5-4C65-AFCA-AEF8127DFFBC}
		{5863B0C3-4267-4BCA-867E-10C2D6DE160A} = {15546351-A13A-4BAF-A8FF-F70DDA8B1435}
		{FA57A12C-0673-4514-9132-DCE450650FF0} = {5863B0C3-4267-4BCA-867E-10C2D6DE160A}
		{200F2A60-AFF4-4B66-BE2C-C3F4BB489DB7} = {FA57A12C-0673-4514-9132-DCE450650FF0}
		{B74A952F-8293-47CA-BCF2-CAD887C9F807} = {63FEA7EE-C7A1-443D-ADDA-B66C067DD694}
		{13817027-2DCE-4171-BB40-D75CE8C57A55} = {B74A952F-8293-47CA-BCF2-CAD887C9F807}
		{FCD07567-57D4-4FBA-A8ED-87928A6AA0A1} = {13817027-2DCE-4171-BB40-D75CE8C57A55}
		{D99197B2-1AA6-42FD-BE27-272C971188FE} = {FCD07567-57D4-4FBA-A8ED-87928A6AA0A1}
		{7550F17D-FA44-4058-B9DF-B4320EF7B5A4} = {B74A952F-8293-47CA-BCF2-CAD887C9F807}
		{2B3ADCF0-82DB-459B-BDE5-37678BD62FF6} = {7550F17D-FA44-4058-B9DF-B4320EF7B5A4}
		{E18B2EDE-687C-4937-9704-62591C1FC201} = {2B3ADCF0-82DB-459B-BDE5-37678BD62FF6}
	EndGlobalSection
EndGlobal
